{
	"requires": true,
	"lockfileVersion": 1,
	"dependencies": {
		"async-limiter": {
			"version": "1.0.0",
			"resolved": "https://registry.npmjs.org/async-limiter/-/async-limiter-1.0.0.tgz",
			"integrity": "sha512-jp/uFnooOiO+L211eZOoSyzpOITMXx1rBITauYykG3BRYPu8h0UcxsPNB04RR5vo4Tyz3+ay17tR6JVf9qzYWg=="
		},
		"commander": {
			"version": "2.15.1",
			"resolved": "https://registry.npmjs.org/commander/-/commander-2.15.1.tgz",
			"integrity": "sha512-VlfT9F3V0v+jr4yxPc5gg9s62/fIVWsd2Bk2iD435um1NlGMYdVCq+MjcXnhYq2icNOizHr1kK+5TI6H0Hy0ag=="
		},
		"nodejs-websocket": {
			"version": "1.7.1",
			"resolved": "https://registry.npmjs.org/nodejs-websocket/-/nodejs-websocket-1.7.1.tgz",
			"integrity": "sha1-zM+7qCO/HPqWgPFoq3q1MSHkhBA="
		},
		"ws": {
			"version": "5.1.1",
			"resolved": "https://registry.npmjs.org/ws/-/ws-5.1.1.tgz",
			"integrity": "sha512-bOusvpCb09TOBLbpMKszd45WKC2KPtxiyiHanv+H2DE3Az+1db5a/L7sVJZVDPUC1Br8f0SKRr1KjLpD1U/IAw==",
			"requires": {
				"async-limiter": "~1.0.0"
			}
		}
	}
}
